
Microsoft Visual Studio Solution File, Format Version 12.00
# Visual Studio Version 17
VisualStudioVersion = 17.9.34701.34
MinimumVisualStudioVersion = 10.0.40219.1
Project("{8BC9CEB8-8B4A-11D0-8D11-00A0C91BC942}") = "SistemaInvernaderoModel", "SistemaInvernaderoModel\SistemaInvernaderoModel.vcxproj", "{EE70F4AF-7958-448E-98E4-4E816F631EB3}"
EndProject
Project("{8BC9CEB8-8B4A-11D0-8D11-00A0C91BC942}") = "SistemaInvernaderoController", "SistemaInvernaderoController\SistemaInvernaderoController.vcxproj", "{1C26EF9C-6880-49FD-A4AA-247CB682F2A6}"
EndProject
Project("{8BC9CEB8-8B4A-11D0-8D11-00A0C91BC942}") = "SistemaInvernaderoView", "SistemaInvernaderoView\SistemaInvernaderoView.vcxproj", "{2A6F14EF-C84F-45C4-9561-CB268B98F834}"
EndProject
Global
	GlobalSection(SolutionConfigurationPlatforms) = preSolution
		Debug|x64 = Debug|x64
		Debug|x86 = Debug|x86
		Release|x64 = Release|x64
		Release|x86 = Release|x86
	EndGlobalSection
	GlobalSection(ProjectConfigurationPlatforms) = postSolution
		{EE70F4AF-7958-448E-98E4-4E816F631EB3}.Debug|x64.ActiveCfg = Debug|x64
		{EE70F4AF-7958-448E-98E4-4E816F631EB3}.Debug|x64.Build.0 = Debug|x64
		{EE70F4AF-7958-448E-98E4-4E816F631EB3}.Debug|x86.ActiveCfg = Debug|Win32
		{EE70F4AF-7958-448E-98E4-4E816F631EB3}.Debug|x86.Build.0 = Debug|Win32
		{EE70F4AF-7958-448E-98E4-4E816F631EB3}.Release|x64.ActiveCfg = Release|x64
		{EE70F4AF-7958-448E-98E4-4E816F631EB3}.Release|x64.Build.0 = Release|x64
		{EE70F4AF-7958-448E-98E4-4E816F631EB3}.Release|x86.ActiveCfg = Release|Win32
		{EE70F4AF-7958-448E-98E4-4E816F631EB3}.Release|x86.Build.0 = Release|Win32
		{1C26EF9C-6880-49FD-A4AA-247CB682F2A6}.Debug|x64.ActiveCfg = Debug|x64
		{1C26EF9C-6880-49FD-A4AA-247CB682F2A6}.Debug|x64.Build.0 = Debug|x64
		{1C26EF9C-6880-49FD-A4AA-247CB682F2A6}.Debug|x86.ActiveCfg = Debug|Win32
		{1C26EF9C-6880-49FD-A4AA-247CB682F2A6}.Debug|x86.Build.0 = Debug|Win32
		{1C26EF9C-6880-49FD-A4AA-247CB682F2A6}.Release|x64.ActiveCfg = Release|x64
		{1C26EF9C-6880-49FD-A4AA-247CB682F2A6}.Release|x64.Build.0 = Release|x64
		{1C26EF9C-6880-49FD-A4AA-247CB682F2A6}.Release|x86.ActiveCfg = Release|Win32
		{1C26EF9C-6880-49FD-A4AA-247CB682F2A6}.Release|x86.Build.0 = Release|Win32
		{2A6F14EF-C84F-45C4-9561-CB268B98F834}.Debug|x64.ActiveCfg = Debug|x64
		{2A6F14EF-C84F-45C4-9561-CB268B98F834}.Debug|x64.Build.0 = Debug|x64
		{2A6F14EF-C84F-45C4-9561-CB268B98F834}.Debug|x86.ActiveCfg = Debug|Win32
		{2A6F14EF-C84F-45C4-9561-CB268B98F834}.Debug|x86.Build.0 = Debug|Win32
		{2A6F14EF-C84F-45C4-9561-CB268B98F834}.Release|x64.ActiveCfg = Release|x64
		{2A6F14EF-C84F-45C4-9561-CB268B98F834}.Release|x64.Build.0 = Release|x64
		{2A6F14EF-C84F-45C4-9561-CB268B98F834}.Release|x86.ActiveCfg = Release|Win32
		{2A6F14EF-C84F-45C4-9561-CB268B98F834}.Release|x86.Build.0 = Release|Win32
	EndGlobalSection
	GlobalSection(SolutionProperties) = preSolution
		HideSolutionNode = FALSE
	EndGlobalSection
	GlobalSection(ExtensibilityGlobals) = postSolution
		SolutionGuid = {C410088B-716E-447B-B68D-7A3E3724D486}
	EndGlobalSection
EndGlobal
