<?xml version="1.0" encoding="utf-8"?>
<Project ToolsVersion="4.0" xmlns="http://schemas.microsoft.com/developer/msbuild/2003">
  <ItemGroup>
    <ClCompile Include="frmEditarRegulador.cpp" />
    <ClCompile Include="frmMantReguladores.cpp" />
    <ClCompile Include="frmEditarSensor.cpp" />
    <ClCompile Include="frmMantSensores.cpp" />
    <ClCompile Include="frmNuevoSensor.cpp" />
    <ClCompile Include="frmReporteDeFallas.cpp" />
    <ClCompile Include="frmSensorHumedad.cpp" />
    <ClCompile Include="frmSensorLuminosidad.cpp" />
    <ClCompile Include="frmSensorTemperatura.cpp" />
    <ClCompile Include="main.cpp" />
    <ClCompile Include="frmPrincipal1.cpp" />
  </ItemGroup>
  <ItemGroup>
    <ClInclude Include="frmEditarRegulador.h" />
    <ClInclude Include="frmMantReguladores.h" />
    <ClInclude Include="frmEditarSensor.h" />
    <ClInclude Include="frmMantSensores.h" />
    <ClInclude Include="frmNuevoSensor.h" />
    <ClInclude Include="frmReporteDeFallas.h" />
    <ClInclude Include="frmSensorHumedad.h" />
    <ClInclude Include="frmSensorLuminosidad.h" />
    <ClInclude Include="frmSensorTemperatura.h" />
    <ClInclude Include="frmPrincipal1.h" />
  </ItemGroup>
</Project>